
Microsoft Visual Studio Solution File, Format Version 12.00
# Visual Studio Version 17
VisualStudioVersion = 17.5.33414.496
MinimumVisualStudioVersion = 10.0.40219.1
Project("{FAE04EC0-301F-11D3-BF4B-00C04F79EFBC}") = "OnlineShop_api", "OnlineShop_api\OnlineShop_api.csproj", "{98D81805-F026-4D48-8F5D-898D7C6D7055}"
EndProject
Global
	GlobalSection(SolutionConfigurationPlatforms) = preSolution
		Debug|Any CPU = Debug|Any CPU
		Release|Any CPU = Release|Any CPU
	EndGlobalSection
	GlobalSection(ProjectConfigurationPlatforms) = postSolution
		{98D81805-F026-4D48-8F5D-898D7C6D7055}.Debug|Any CPU.ActiveCfg = Debug|Any CPU
		{98D81805-F026-4D48-8F5D-898D7C6D7055}.Debug|Any CPU.Build.0 = Debug|Any CPU
		{98D81805-F026-4D48-8F5D-898D7C6D7055}.Release|Any CPU.ActiveCfg = Release|Any CPU
		{98D81805-F026-4D48-8F5D-898D7C6D7055}.Release|Any CPU.Build.0 = Release|Any CPU
	EndGlobalSection
	GlobalSection(SolutionProperties) = preSolution
		HideSolutionNode = FALSE
	EndGlobalSection
	GlobalSection(ExtensibilityGlobals) = postSolution
		SolutionGuid = {31982955-4E01-4B24-983C-1FC79550263E}
	EndGlobalSection
EndGlobal
